
Microsoft Visual Studio Solution File, Format Version 12.00
# Visual Studio 14
VisualStudioVersion = 14.0.23107.0
MinimumVisualStudioVersion = 10.0.40219.1
Project("{FAE04EC0-301F-11D3-BF4B-00C04F79EFBC}") = "Gostar.Common", "Gostar.Common\Gostar.Common.csproj", "{50217DAD-D2DA-49A9-828E-60A1FC5246FD}"
EndProject
Project("{FAE04EC0-301F-11D3-BF4B-00C04F79EFBC}") = "Gostar.Controls", "Gostar.Controls\Gostar.Controls.csproj", "{3AE44BBC-4DC1-4D4D-9316-CC0411C32CE9}"
EndProject
Project("{FAE04EC0-301F-11D3-BF4B-00C04F79EFBC}") = "Gostar.Utility", "Gostar.Utility\Gostar.Utility.csproj", "{489C9B65-EA95-43F4-825C-9F93B832A054}"
EndProject
Global
	GlobalSection(SolutionConfigurationPlatforms) = preSolution
		Debug|Any CPU = Debug|Any CPU
		Debug|x86 = Debug|x86
		Release|Any CPU = Release|Any CPU
		Release|x86 = Release|x86
	EndGlobalSection
	GlobalSection(ProjectConfigurationPlatforms) = postSolution
		{50217DAD-D2DA-49A9-828E-60A1FC5246FD}.Debug|Any CPU.ActiveCfg = Debug|Any CPU
		{50217DAD-D2DA-49A9-828E-60A1FC5246FD}.Debug|Any CPU.Build.0 = Debug|Any CPU
		{50217DAD-D2DA-49A9-828E-60A1FC5246FD}.Debug|x86.ActiveCfg = Debug|Any CPU
		{50217DAD-D2DA-49A9-828E-60A1FC5246FD}.Debug|x86.Build.0 = Debug|Any CPU
		{50217DAD-D2DA-49A9-828E-60A1FC5246FD}.Release|Any CPU.ActiveCfg = Release|Any CPU
		{50217DAD-D2DA-49A9-828E-60A1FC5246FD}.Release|Any CPU.Build.0 = Release|Any CPU
		{50217DAD-D2DA-49A9-828E-60A1FC5246FD}.Release|x86.ActiveCfg = Release|Any CPU
		{50217DAD-D2DA-49A9-828E-60A1FC5246FD}.Release|x86.Build.0 = Release|Any CPU
		{3AE44BBC-4DC1-4D4D-9316-CC0411C32CE9}.Debug|Any CPU.ActiveCfg = Debug|x86
		{3AE44BBC-4DC1-4D4D-9316-CC0411C32CE9}.Debug|Any CPU.Build.0 = Debug|x86
		{3AE44BBC-4DC1-4D4D-9316-CC0411C32CE9}.Debug|x86.ActiveCfg = Debug|x86
		{3AE44BBC-4DC1-4D4D-9316-CC0411C32CE9}.Debug|x86.Build.0 = Debug|x86
		{3AE44BBC-4DC1-4D4D-9316-CC0411C32CE9}.Release|Any CPU.ActiveCfg = Release|x86
		{3AE44BBC-4DC1-4D4D-9316-CC0411C32CE9}.Release|x86.ActiveCfg = Release|x86
		{3AE44BBC-4DC1-4D4D-9316-CC0411C32CE9}.Release|x86.Build.0 = Release|x86
		{489C9B65-EA95-43F4-825C-9F93B832A054}.Debug|Any CPU.ActiveCfg = Debug|x86
		{489C9B65-EA95-43F4-825C-9F93B832A054}.Debug|Any CPU.Build.0 = Debug|x86
		{489C9B65-EA95-43F4-825C-9F93B832A054}.Debug|x86.ActiveCfg = Debug|x86
		{489C9B65-EA95-43F4-825C-9F93B832A054}.Debug|x86.Build.0 = Debug|x86
		{489C9B65-EA95-43F4-825C-9F93B832A054}.Release|Any CPU.ActiveCfg = Release|x86
		{489C9B65-EA95-43F4-825C-9F93B832A054}.Release|x86.ActiveCfg = Release|x86
		{489C9B65-EA95-43F4-825C-9F93B832A054}.Release|x86.Build.0 = Release|x86
	EndGlobalSection
	GlobalSection(SolutionProperties) = preSolution
		HideSolutionNode = FALSE
	EndGlobalSection
	GlobalSection(TeamFoundationVersionControl) = preSolution
		SccNumberOfProjects = 3
		SccEnterpriseProvider = {4CA58AB2-18FA-4F8D-95D4-32DDF27D184C}
		SccTeamFoundationServer = http://mainserver:8080/tfs/commoncollection
		SccProjectUniqueName0 = Gostar.Common\\Gostar.Common.csproj
		SccProjectName0 = Gostar.Common
		SccAuxPath0 = http://mainserver:8080/tfs/commoncollection
		SccLocalPath0 = Gostar.Common
		SccProvider0 = {4CA58AB2-18FA-4F8D-95D4-32DDF27D184C}
		SccProjectUniqueName1 = Gostar.Controls\\Gostar.Controls.csproj
		SccProjectName1 = Gostar.Controls
		SccAuxPath1 = http://mainserver:8080/tfs/commoncollection
		SccLocalPath1 = Gostar.Controls
		SccProvider1 = {4CA58AB2-18FA-4F8D-95D4-32DDF27D184C}
		SccProjectUniqueName2 = Gostar.Utility\\Gostar.Utility.csproj
		SccProjectName2 = Gostar.Utility
		SccAuxPath2 = http://mainserver:8080/tfs/commoncollection
		SccLocalPath2 = Gostar.Utility
		SccProvider2 = {4CA58AB2-18FA-4F8D-95D4-32DDF27D184C}
	EndGlobalSection
EndGlobal
